{
	"name": "reaxes",
	"version": "1.1.1",
	"lockfileVersion": 3,
	"requires": true,
	"packages": {
		"": {
			"name": "reaxes",
			"version": "1.1.1",
			"license": "WTFPL",
			"dependencies": {
				"lodash": "4.17.21",
				"mobx": "^6.13.6",
				"reaxes-utils": "^2.0.7"
			},
			"devDependencies": {
				"@types/lodash": "^4.17.16"
			}
		},
		"node_modules/@types/lodash": {
			"version": "4.17.16",
			"resolved": "https://registry.npmjs.org/@types/lodash/-/lodash-4.17.16.tgz",
			"integrity": "sha512-HX7Em5NYQAXKW+1T+FiuG27NGwzJfCX3s1GjOa7ujxZa52kjJLOr4FUxT+giF6Tgxv1e+/czV/iTtBw27WTU9g==",
			"dev": true,
			"license": "MIT"
		},
		"node_modules/lodash": {
			"version": "4.17.21",
			"resolved": "https://registry.npmjs.org/lodash/-/lodash-4.17.21.tgz",
			"integrity": "sha512-v2kDEe57lecTulaDIuNTPy3Ry4gLGJ6Z1O3vE1krgXZNrsQ+LFTGHVxVjcXPs17LhbZVGedAJv8XZ1tvj5FvSg==",
			"license": "MIT"
		},
		"node_modules/mobx": {
			"version": "6.13.6",
			"resolved": "https://registry.npmjs.org/mobx/-/mobx-6.13.6.tgz",
			"integrity": "sha512-r19KNV0uBN4b+ER8Z0gA4y+MzDYIQ2SvOmn3fUrqPnWXdQfakd9yfbPBDBF/p5I+bd3N5Rk1fHONIvMay+bJGA==",
			"license": "MIT",
			"funding": {
				"type": "opencollective",
				"url": "https://opencollective.com/mobx"
			}
		},
		"node_modules/reaxes-utils": {
			"version": "2.0.7",
			"resolved": "https://registry.npmjs.org/reaxes-utils/-/reaxes-utils-2.0.7.tgz",
			"integrity": "sha512-E3wy+u5PpeJGtEQkCot91aBqv3i2W9nfpOzhzWfPv7X6C+xGlmZQImCgFBJ8h4Hj+MnZKUuDrD6lmB8x5SjF5A=="
		}
	}
}
